
Microsoft Visual Studio Solution File, Format Version 12.00
# Visual Studio Version 16
VisualStudioVersion = 16.0.31515.178
MinimumVisualStudioVersion = 10.0.40219.1
Project("{FAE04EC0-301F-11D3-BF4B-00C04F79EFBC}") = "DATABASE", "DATABASE\DATABASE.csproj", "{68B014D8-FE74-4FC6-A6C2-81EB52650361}"
EndProject
Global
	GlobalSection(SolutionConfigurationPlatforms) = preSolution
		Debug|Any CPU = Debug|Any CPU
		Release|Any CPU = Release|Any CPU
	EndGlobalSection
	GlobalSection(ProjectConfigurationPlatforms) = postSolution
		{68B014D8-FE74-4FC6-A6C2-81EB52650361}.Debug|Any CPU.ActiveCfg = Debug|Any CPU
		{68B014D8-FE74-4FC6-A6C2-81EB52650361}.Debug|Any CPU.Build.0 = Debug|Any CPU
		{68B014D8-FE74-4FC6-A6C2-81EB52650361}.Release|Any CPU.ActiveCfg = Release|Any CPU
		{68B014D8-FE74-4FC6-A6C2-81EB52650361}.Release|Any CPU.Build.0 = Release|Any CPU
	EndGlobalSection
	GlobalSection(SolutionProperties) = preSolution
		HideSolutionNode = FALSE
	EndGlobalSection
	GlobalSection(ExtensibilityGlobals) = postSolution
		SolutionGuid = {25169D43-5738-4EC3-B47D-1D8E0D9AF174}
	EndGlobalSection
EndGlobal
