
Microsoft Visual Studio Solution File, Format Version 12.00
# Visual Studio Version 17
VisualStudioVersion = 17.0.32014.148
MinimumVisualStudioVersion = 10.0.40219.1
Project("{FAE04EC0-301F-11D3-BF4B-00C04F79EFBC}") = "Authendication", "Authendication\Authendication.csproj", "{318DF223-836E-4E47-A9BC-13BE68181E6A}"
EndProject
Global
	GlobalSection(SolutionConfigurationPlatforms) = preSolution
		Debug|Any CPU = Debug|Any CPU
		Release|Any CPU = Release|Any CPU
	EndGlobalSection
	GlobalSection(ProjectConfigurationPlatforms) = postSolution
		{318DF223-836E-4E47-A9BC-13BE68181E6A}.Debug|Any CPU.ActiveCfg = Debug|Any CPU
		{318DF223-836E-4E47-A9BC-13BE68181E6A}.Debug|Any CPU.Build.0 = Debug|Any CPU
		{318DF223-836E-4E47-A9BC-13BE68181E6A}.Release|Any CPU.ActiveCfg = Release|Any CPU
		{318DF223-836E-4E47-A9BC-13BE68181E6A}.Release|Any CPU.Build.0 = Release|Any CPU
	EndGlobalSection
	GlobalSection(SolutionProperties) = preSolution
		HideSolutionNode = FALSE
	EndGlobalSection
	GlobalSection(ExtensibilityGlobals) = postSolution
		SolutionGuid = {DC8ECBA9-B35A-4C2A-AFBC-22E96DFC55A1}
	EndGlobalSection
EndGlobal
